
Microsoft Visual Studio Solution File, Format Version 12.00
# Visual Studio Version 16
VisualStudioVersion = 16.0.30907.101
MinimumVisualStudioVersion = 10.0.40219.1
Project("{9A19103F-16F7-4668-BE54-9A1E7A4F7556}") = "Business", "Business\Business.csproj", "{E3DF23A8-AE2E-4F15-81E5-C77EACE6F27C}"
EndProject
Project("{9A19103F-16F7-4668-BE54-9A1E7A4F7556}") = "DataAccess", "DataAccess\DataAccess.csproj", "{B8D8D64A-EA8F-4BB2-9728-5948F28B8640}"
EndProject
Project("{9A19103F-16F7-4668-BE54-9A1E7A4F7556}") = "Entities", "Entities\Entities.csproj", "{53BC004E-83FE-4FCA-A3DC-7C00336D8D70}"
EndProject
Project("{9A19103F-16F7-4668-BE54-9A1E7A4F7556}") = "ConsoleUI", "ConsoleUI\ConsoleUI.csproj", "{BB87D8BA-FE9D-4CCD-B65C-FE09E8C1C864}"
EndProject
Project("{9A19103F-16F7-4668-BE54-9A1E7A4F7556}") = "Core", "Core\Core.csproj", "{3ED8764A-C928-4AEA-AB5D-4FA9CE179BB2}"
EndProject
Project("{FAE04EC0-301F-11D3-BF4B-00C04F79EFBC}") = "WebAPI", "WebAPI\WebAPI.csproj", "{36547418-2E39-4368-949C-9DA4E3054EA2}"
EndProject
Global
	GlobalSection(SolutionConfigurationPlatforms) = preSolution
		Debug|Any CPU = Debug|Any CPU
		Release|Any CPU = Release|Any CPU
	EndGlobalSection
	GlobalSection(ProjectConfigurationPlatforms) = postSolution
		{E3DF23A8-AE2E-4F15-81E5-C77EACE6F27C}.Debug|Any CPU.ActiveCfg = Debug|Any CPU
		{E3DF23A8-AE2E-4F15-81E5-C77EACE6F27C}.Debug|Any CPU.Build.0 = Debug|Any CPU
		{E3DF23A8-AE2E-4F15-81E5-C77EACE6F27C}.Release|Any CPU.ActiveCfg = Release|Any CPU
		{E3DF23A8-AE2E-4F15-81E5-C77EACE6F27C}.Release|Any CPU.Build.0 = Release|Any CPU
		{B8D8D64A-EA8F-4BB2-9728-5948F28B8640}.Debug|Any CPU.ActiveCfg = Debug|Any CPU
		{B8D8D64A-EA8F-4BB2-9728-5948F28B8640}.Debug|Any CPU.Build.0 = Debug|Any CPU
		{B8D8D64A-EA8F-4BB2-9728-5948F28B8640}.Release|Any CPU.ActiveCfg = Release|Any CPU
		{B8D8D64A-EA8F-4BB2-9728-5948F28B8640}.Release|Any CPU.Build.0 = Release|Any CPU
		{53BC004E-83FE-4FCA-A3DC-7C00336D8D70}.Debug|Any CPU.ActiveCfg = Debug|Any CPU
		{53BC004E-83FE-4FCA-A3DC-7C00336D8D70}.Debug|Any CPU.Build.0 = Debug|Any CPU
		{53BC004E-83FE-4FCA-A3DC-7C00336D8D70}.Release|Any CPU.ActiveCfg = Release|Any CPU
		{53BC004E-83FE-4FCA-A3DC-7C00336D8D70}.Release|Any CPU.Build.0 = Release|Any CPU
		{BB87D8BA-FE9D-4CCD-B65C-FE09E8C1C864}.Debug|Any CPU.ActiveCfg = Debug|Any CPU
		{BB87D8BA-FE9D-4CCD-B65C-FE09E8C1C864}.Debug|Any CPU.Build.0 = Debug|Any CPU
		{BB87D8BA-FE9D-4CCD-B65C-FE09E8C1C864}.Release|Any CPU.ActiveCfg = Release|Any CPU
		{BB87D8BA-FE9D-4CCD-B65C-FE09E8C1C864}.Release|Any CPU.Build.0 = Release|Any CPU
		{3ED8764A-C928-4AEA-AB5D-4FA9CE179BB2}.Debug|Any CPU.ActiveCfg = Debug|Any CPU
		{3ED8764A-C928-4AEA-AB5D-4FA9CE179BB2}.Debug|Any CPU.Build.0 = Debug|Any CPU
		{3ED8764A-C928-4AEA-AB5D-4FA9CE179BB2}.Release|Any CPU.ActiveCfg = Release|Any CPU
		{3ED8764A-C928-4AEA-AB5D-4FA9CE179BB2}.Release|Any CPU.Build.0 = Release|Any CPU
		{36547418-2E39-4368-949C-9DA4E3054EA2}.Debug|Any CPU.ActiveCfg = Debug|Any CPU
		{36547418-2E39-4368-949C-9DA4E3054EA2}.Debug|Any CPU.Build.0 = Debug|Any CPU
		{36547418-2E39-4368-949C-9DA4E3054EA2}.Release|Any CPU.ActiveCfg = Release|Any CPU
		{36547418-2E39-4368-949C-9DA4E3054EA2}.Release|Any CPU.Build.0 = Release|Any CPU
	EndGlobalSection
	GlobalSection(SolutionProperties) = preSolution
		HideSolutionNode = FALSE
	EndGlobalSection
	GlobalSection(ExtensibilityGlobals) = postSolution
		SolutionGuid = {41803961-C018-444E-B543-7ED172302B13}
	EndGlobalSection
EndGlobal
